Microsoft Visual Studio Solution File, Format Version 11.00
# Visual Studio 2008

Project("{5B18B303-6863-3952-F868-6E9CE333E38B}") = "particlecolider", "Assembly-CSharp.csproj", "{CFA463DF-3EC1-33DA-8F5C-6EB5B0B5F7D3}"
EndProject
Global
	GlobalSection(SolutionConfigurationPlatforms) = preSolution
		Debug|Any CPU = Debug|Any CPU
		Release|Any CPU = Release|Any CPU
	EndGlobalSection
	GlobalSection(ProjectConfigurationPlatforms) = postSolution
		{CFA463DF-3EC1-33DA-8F5C-6EB5B0B5F7D3}.Debug|Any CPU.ActiveCfg = Debug|Any CPU
		{CFA463DF-3EC1-33DA-8F5C-6EB5B0B5F7D3}.Debug|Any CPU.Build.0 = Debug|Any CPU
		{CFA463DF-3EC1-33DA-8F5C-6EB5B0B5F7D3}.Release|Any CPU.ActiveCfg = Release|Any CPU
		{CFA463DF-3EC1-33DA-8F5C-6EB5B0B5F7D3}.Release|Any CPU.Build.0 = Release|Any CPU
	EndGlobalSection
	GlobalSection(SolutionProperties) = preSolution
		HideSolutionNode = FALSE
	EndGlobalSection
	GlobalSection(MonoDevelopProperties) = preSolution
		StartupItem = Assembly-CSharp.csproj
	EndGlobalSection
EndGlobal
